
Microsoft Visual Studio Solution File, Format Version 12.00
# Visual Studio 14
VisualStudioVersion = 14.0.24720.0
MinimumVisualStudioVersion = 10.0.40219.1
Project("{2150E333-8FDC-42A3-9474-1A3956D46DE8}") = "etc", "etc", "{8B7A6EB1-1AF0-469A-AACB-F4A7932FDB94}"
	ProjectSection(SolutionItems) = preProject
		..\.gitignore = ..\.gitignore
		..\README.md = ..\README.md
	EndProjectSection
EndProject
Project("{2150E333-8FDC-42A3-9474-1A3956D46DE8}") = "App", "App", "{42C9DB95-55B6-4A2F-9CFE-8240CA5983C4}"
EndProject
Project("{262852C6-CD72-467D-83FE-5EEB1973A190}") = "Icb.App", "Icb.App\Icb.App.jsproj", "{47FA4385-E080-4EDE-9323-9BA6131BECFB}"
EndProject
Project("{FAE04EC0-301F-11D3-BF4B-00C04F79EFBC}") = "Icb.Web", "Icb.Web\Icb.Web.csproj", "{180DC531-808B-492E-9EC7-509562A12A83}"
EndProject
Project("{FAE04EC0-301F-11D3-BF4B-00C04F79EFBC}") = "Icb.CrossCutting", "Icb.CrossCutting\Icb.CrossCutting.csproj", "{0C009858-78AF-4401-8962-A28ADD2B8108}"
EndProject
Project("{FAE04EC0-301F-11D3-BF4B-00C04F79EFBC}") = "Icb.Domain", "Icb.Domain\Icb.Domain.csproj", "{726F25EC-1B23-44E1-8A98-C0648B7F090D}"
EndProject
Project("{FAE04EC0-301F-11D3-BF4B-00C04F79EFBC}") = "Icb.Infra", "Icb.Infra\Icb.Infra.csproj", "{CAEC0725-9B67-4766-ABB9-6A8643AD8CBB}"
EndProject
Project("{FAE04EC0-301F-11D3-BF4B-00C04F79EFBC}") = "Icb.Auth", "Icb.Auth\Icb.Auth.csproj", "{927BD5FB-C33B-46F6-A395-7D954493F27B}"
EndProject
Global
	GlobalSection(SolutionConfigurationPlatforms) = preSolution
		Debug|Android = Debug|Android
		Debug|Any CPU = Debug|Any CPU
		Debug|iOS = Debug|iOS
		Debug|Windows Phone (Universal) = Debug|Windows Phone (Universal)
		Debug|Windows Phone 8 = Debug|Windows Phone 8
		Debug|Windows-AnyCPU = Debug|Windows-AnyCPU
		Debug|Windows-ARM = Debug|Windows-ARM
		Debug|Windows-x64 = Debug|Windows-x64
		Debug|Windows-x86 = Debug|Windows-x86
		Release|Android = Release|Android
		Release|Any CPU = Release|Any CPU
		Release|iOS = Release|iOS
		Release|Windows Phone (Universal) = Release|Windows Phone (Universal)
		Release|Windows Phone 8 = Release|Windows Phone 8
		Release|Windows-AnyCPU = Release|Windows-AnyCPU
		Release|Windows-ARM = Release|Windows-ARM
		Release|Windows-x64 = Release|Windows-x64
		Release|Windows-x86 = Release|Windows-x86
	EndGlobalSection
	GlobalSection(ProjectConfigurationPlatforms) = postSolution
		{47FA4385-E080-4EDE-9323-9BA6131BECFB}.Debug|Android.ActiveCfg = Debug|Android
		{47FA4385-E080-4EDE-9323-9BA6131BECFB}.Debug|Android.Build.0 = Debug|Android
		{47FA4385-E080-4EDE-9323-9BA6131BECFB}.Debug|Android.Deploy.0 = Debug|Android
		{47FA4385-E080-4EDE-9323-9BA6131BECFB}.Debug|Any CPU.ActiveCfg = Debug|Android
		{47FA4385-E080-4EDE-9323-9BA6131BECFB}.Debug|iOS.ActiveCfg = Debug|iOS
		{47FA4385-E080-4EDE-9323-9BA6131BECFB}.Debug|iOS.Build.0 = Debug|iOS
		{47FA4385-E080-4EDE-9323-9BA6131BECFB}.Debug|iOS.Deploy.0 = Debug|iOS
		{47FA4385-E080-4EDE-9323-9BA6131BECFB}.Debug|Windows Phone (Universal).ActiveCfg = Debug|Windows Phone (Universal)
		{47FA4385-E080-4EDE-9323-9BA6131BECFB}.Debug|Windows Phone (Universal).Build.0 = Debug|Windows Phone (Universal)
		{47FA4385-E080-4EDE-9323-9BA6131BECFB}.Debug|Windows Phone (Universal).Deploy.0 = Debug|Windows Phone (Universal)
		{47FA4385-E080-4EDE-9323-9BA6131BECFB}.Debug|Windows Phone 8.ActiveCfg = Debug|Windows Phone 8
		{47FA4385-E080-4EDE-9323-9BA6131BECFB}.Debug|Windows Phone 8.Build.0 = Debug|Windows Phone 8
		{47FA4385-E080-4EDE-9323-9BA6131BECFB}.Debug|Windows Phone 8.Deploy.0 = Debug|Windows Phone 8
		{47FA4385-E080-4EDE-9323-9BA6131BECFB}.Debug|Windows-AnyCPU.ActiveCfg = Debug|Windows-AnyCPU
		{47FA4385-E080-4EDE-9323-9BA6131BECFB}.Debug|Windows-AnyCPU.Build.0 = Debug|Windows-AnyCPU
		{47FA4385-E080-4EDE-9323-9BA6131BECFB}.Debug|Windows-AnyCPU.Deploy.0 = Debug|Windows-AnyCPU
		{47FA4385-E080-4EDE-9323-9BA6131BECFB}.Debug|Windows-ARM.ActiveCfg = Debug|Windows-ARM
		{47FA4385-E080-4EDE-9323-9BA6131BECFB}.Debug|Windows-ARM.Build.0 = Debug|Windows-ARM
		{47FA4385-E080-4EDE-9323-9BA6131BECFB}.Debug|Windows-ARM.Deploy.0 = Debug|Windows-ARM
		{47FA4385-E080-4EDE-9323-9BA6131BECFB}.Debug|Windows-x64.ActiveCfg = Debug|Windows-x64
		{47FA4385-E080-4EDE-9323-9BA6131BECFB}.Debug|Windows-x64.Build.0 = Debug|Windows-x64
		{47FA4385-E080-4EDE-9323-9BA6131BECFB}.Debug|Windows-x64.Deploy.0 = Debug|Windows-x64
		{47FA4385-E080-4EDE-9323-9BA6131BECFB}.Debug|Windows-x86.ActiveCfg = Debug|Windows-x86
		{47FA4385-E080-4EDE-9323-9BA6131BECFB}.Debug|Windows-x86.Build.0 = Debug|Windows-x86
		{47FA4385-E080-4EDE-9323-9BA6131BECFB}.Debug|Windows-x86.Deploy.0 = Debug|Windows-x86
		{47FA4385-E080-4EDE-9323-9BA6131BECFB}.Release|Android.ActiveCfg = Release|Android
		{47FA4385-E080-4EDE-9323-9BA6131BECFB}.Release|Android.Build.0 = Release|Android
		{47FA4385-E080-4EDE-9323-9BA6131BECFB}.Release|Android.Deploy.0 = Release|Android
		{47FA4385-E080-4EDE-9323-9BA6131BECFB}.Release|Any CPU.ActiveCfg = Release|Android
		{47FA4385-E080-4EDE-9323-9BA6131BECFB}.Release|iOS.ActiveCfg = Release|iOS
		{47FA4385-E080-4EDE-9323-9BA6131BECFB}.Release|iOS.Build.0 = Release|iOS
		{47FA4385-E080-4EDE-9323-9BA6131BECFB}.Release|iOS.Deploy.0 = Release|iOS
		{47FA4385-E080-4EDE-9323-9BA6131BECFB}.Release|Windows Phone (Universal).ActiveCfg = Release|Windows Phone (Universal)
		{47FA4385-E080-4EDE-9323-9BA6131BECFB}.Release|Windows Phone (Universal).Build.0 = Release|Windows Phone (Universal)
		{47FA4385-E080-4EDE-9323-9BA6131BECFB}.Release|Windows Phone (Universal).Deploy.0 = Release|Windows Phone (Universal)
		{47FA4385-E080-4EDE-9323-9BA6131BECFB}.Release|Windows Phone 8.ActiveCfg = Release|Windows Phone 8
		{47FA4385-E080-4EDE-9323-9BA6131BECFB}.Release|Windows Phone 8.Build.0 = Release|Windows Phone 8
		{47FA4385-E080-4EDE-9323-9BA6131BECFB}.Release|Windows Phone 8.Deploy.0 = Release|Windows Phone 8
		{47FA4385-E080-4EDE-9323-9BA6131BECFB}.Release|Windows-AnyCPU.ActiveCfg = Release|Windows-AnyCPU
		{47FA4385-E080-4EDE-9323-9BA6131BECFB}.Release|Windows-AnyCPU.Build.0 = Release|Windows-AnyCPU
		{47FA4385-E080-4EDE-9323-9BA6131BECFB}.Release|Windows-AnyCPU.Deploy.0 = Release|Windows-AnyCPU
		{47FA4385-E080-4EDE-9323-9BA6131BECFB}.Release|Windows-ARM.ActiveCfg = Release|Windows-ARM
		{47FA4385-E080-4EDE-9323-9BA6131BECFB}.Release|Windows-ARM.Build.0 = Release|Windows-ARM
		{47FA4385-E080-4EDE-9323-9BA6131BECFB}.Release|Windows-ARM.Deploy.0 = Release|Windows-ARM
		{47FA4385-E080-4EDE-9323-9BA6131BECFB}.Release|Windows-x64.ActiveCfg = Release|Windows-x64
		{47FA4385-E080-4EDE-9323-9BA6131BECFB}.Release|Windows-x64.Build.0 = Release|Windows-x64
		{47FA4385-E080-4EDE-9323-9BA6131BECFB}.Release|Windows-x64.Deploy.0 = Release|Windows-x64
		{47FA4385-E080-4EDE-9323-9BA6131BECFB}.Release|Windows-x86.ActiveCfg = Release|Windows-x86
		{47FA4385-E080-4EDE-9323-9BA6131BECFB}.Release|Windows-x86.Build.0 = Release|Windows-x86
		{47FA4385-E080-4EDE-9323-9BA6131BECFB}.Release|Windows-x86.Deploy.0 = Release|Windows-x86
		{180DC531-808B-492E-9EC7-509562A12A83}.Debug|Android.ActiveCfg = Debug|Any CPU
		{180DC531-808B-492E-9EC7-509562A12A83}.Debug|Android.Build.0 = Debug|Any CPU
		{180DC531-808B-492E-9EC7-509562A12A83}.Debug|Any CPU.ActiveCfg = Debug|Any CPU
		{180DC531-808B-492E-9EC7-509562A12A83}.Debug|Any CPU.Build.0 = Debug|Any CPU
		{180DC531-808B-492E-9EC7-509562A12A83}.Debug|iOS.ActiveCfg = Debug|Any CPU
		{180DC531-808B-492E-9EC7-509562A12A83}.Debug|iOS.Build.0 = Debug|Any CPU
		{180DC531-808B-492E-9EC7-509562A12A83}.Debug|Windows Phone (Universal).ActiveCfg = Debug|Any CPU
		{180DC531-808B-492E-9EC7-509562A12A83}.Debug|Windows Phone (Universal).Build.0 = Debug|Any CPU
		{180DC531-808B-492E-9EC7-509562A12A83}.Debug|Windows Phone 8.ActiveCfg = Debug|Any CPU
		{180DC531-808B-492E-9EC7-509562A12A83}.Debug|Windows Phone 8.Build.0 = Debug|Any CPU
		{180DC531-808B-492E-9EC7-509562A12A83}.Debug|Windows-AnyCPU.ActiveCfg = Debug|Any CPU
		{180DC531-808B-492E-9EC7-509562A12A83}.Debug|Windows-AnyCPU.Build.0 = Debug|Any CPU
		{180DC531-808B-492E-9EC7-509562A12A83}.Debug|Windows-ARM.ActiveCfg = Debug|Any CPU
		{180DC531-808B-492E-9EC7-509562A12A83}.Debug|Windows-ARM.Build.0 = Debug|Any CPU
		{180DC531-808B-492E-9EC7-509562A12A83}.Debug|Windows-x64.ActiveCfg = Debug|Any CPU
		{180DC531-808B-492E-9EC7-509562A12A83}.Debug|Windows-x64.Build.0 = Debug|Any CPU
		{180DC531-808B-492E-9EC7-509562A12A83}.Debug|Windows-x86.ActiveCfg = Debug|Any CPU
		{180DC531-808B-492E-9EC7-509562A12A83}.Debug|Windows-x86.Build.0 = Debug|Any CPU
		{180DC531-808B-492E-9EC7-509562A12A83}.Release|Android.ActiveCfg = Release|Any CPU
		{180DC531-808B-492E-9EC7-509562A12A83}.Release|Android.Build.0 = Release|Any CPU
		{180DC531-808B-492E-9EC7-509562A12A83}.Release|Any CPU.ActiveCfg = Release|Any CPU
		{180DC531-808B-492E-9EC7-509562A12A83}.Release|Any CPU.Build.0 = Release|Any CPU
		{180DC531-808B-492E-9EC7-509562A12A83}.Release|iOS.ActiveCfg = Release|Any CPU
		{180DC531-808B-492E-9EC7-509562A12A83}.Release|iOS.Build.0 = Release|Any CPU
		{180DC531-808B-492E-9EC7-509562A12A83}.Release|Windows Phone (Universal).ActiveCfg = Release|Any CPU
		{180DC531-808B-492E-9EC7-509562A12A83}.Release|Windows Phone (Universal).Build.0 = Release|Any CPU
		{180DC531-808B-492E-9EC7-509562A12A83}.Release|Windows Phone 8.ActiveCfg = Release|Any CPU
		{180DC531-808B-492E-9EC7-509562A12A83}.Release|Windows Phone 8.Build.0 = Release|Any CPU
		{180DC531-808B-492E-9EC7-509562A12A83}.Release|Windows-AnyCPU.ActiveCfg = Release|Any CPU
		{180DC531-808B-492E-9EC7-509562A12A83}.Release|Windows-AnyCPU.Build.0 = Release|Any CPU
		{180DC531-808B-492E-9EC7-509562A12A83}.Release|Windows-ARM.ActiveCfg = Release|Any CPU
		{180DC531-808B-492E-9EC7-509562A12A83}.Release|Windows-ARM.Build.0 = Release|Any CPU
		{180DC531-808B-492E-9EC7-509562A12A83}.Release|Windows-x64.ActiveCfg = Release|Any CPU
		{180DC531-808B-492E-9EC7-509562A12A83}.Release|Windows-x64.Build.0 = Release|Any CPU
		{180DC531-808B-492E-9EC7-509562A12A83}.Release|Windows-x86.ActiveCfg = Release|Any CPU
		{180DC531-808B-492E-9EC7-509562A12A83}.Release|Windows-x86.Build.0 = Release|Any CPU
		{0C009858-78AF-4401-8962-A28ADD2B8108}.Debug|Android.ActiveCfg = Debug|Any CPU
		{0C009858-78AF-4401-8962-A28ADD2B8108}.Debug|Android.Build.0 = Debug|Any CPU
		{0C009858-78AF-4401-8962-A28ADD2B8108}.Debug|Any CPU.ActiveCfg = Debug|Any CPU
		{0C009858-78AF-4401-8962-A28ADD2B8108}.Debug|Any CPU.Build.0 = Debug|Any CPU
		{0C009858-78AF-4401-8962-A28ADD2B8108}.Debug|iOS.ActiveCfg = Debug|Any CPU
		{0C009858-78AF-4401-8962-A28ADD2B8108}.Debug|iOS.Build.0 = Debug|Any CPU
		{0C009858-78AF-4401-8962-A28ADD2B8108}.Debug|Windows Phone (Universal).ActiveCfg = Debug|Any CPU
		{0C009858-78AF-4401-8962-A28ADD2B8108}.Debug|Windows Phone (Universal).Build.0 = Debug|Any CPU
		{0C009858-78AF-4401-8962-A28ADD2B8108}.Debug|Windows Phone 8.ActiveCfg = Debug|Any CPU
		{0C009858-78AF-4401-8962-A28ADD2B8108}.Debug|Windows Phone 8.Build.0 = Debug|Any CPU
		{0C009858-78AF-4401-8962-A28ADD2B8108}.Debug|Windows-AnyCPU.ActiveCfg = Debug|Any CPU
		{0C009858-78AF-4401-8962-A28ADD2B8108}.Debug|Windows-AnyCPU.Build.0 = Debug|Any CPU
		{0C009858-78AF-4401-8962-A28ADD2B8108}.Debug|Windows-ARM.ActiveCfg = Debug|Any CPU
		{0C009858-78AF-4401-8962-A28ADD2B8108}.Debug|Windows-ARM.Build.0 = Debug|Any CPU
		{0C009858-78AF-4401-8962-A28ADD2B8108}.Debug|Windows-x64.ActiveCfg = Debug|Any CPU
		{0C009858-78AF-4401-8962-A28ADD2B8108}.Debug|Windows-x64.Build.0 = Debug|Any CPU
		{0C009858-78AF-4401-8962-A28ADD2B8108}.Debug|Windows-x86.ActiveCfg = Debug|Any CPU
		{0C009858-78AF-4401-8962-A28ADD2B8108}.Debug|Windows-x86.Build.0 = Debug|Any CPU
		{0C009858-78AF-4401-8962-A28ADD2B8108}.Release|Android.ActiveCfg = Release|Any CPU
		{0C009858-78AF-4401-8962-A28ADD2B8108}.Release|Android.Build.0 = Release|Any CPU
		{0C009858-78AF-4401-8962-A28ADD2B8108}.Release|Any CPU.ActiveCfg = Release|Any CPU
		{0C009858-78AF-4401-8962-A28ADD2B8108}.Release|Any CPU.Build.0 = Release|Any CPU
		{0C009858-78AF-4401-8962-A28ADD2B8108}.Release|iOS.ActiveCfg = Release|Any CPU
		{0C009858-78AF-4401-8962-A28ADD2B8108}.Release|iOS.Build.0 = Release|Any CPU
		{0C009858-78AF-4401-8962-A28ADD2B8108}.Release|Windows Phone (Universal).ActiveCfg = Release|Any CPU
		{0C009858-78AF-4401-8962-A28ADD2B8108}.Release|Windows Phone (Universal).Build.0 = Release|Any CPU
		{0C009858-78AF-4401-8962-A28ADD2B8108}.Release|Windows Phone 8.ActiveCfg = Release|Any CPU
		{0C009858-78AF-4401-8962-A28ADD2B8108}.Release|Windows Phone 8.Build.0 = Release|Any CPU
		{0C009858-78AF-4401-8962-A28ADD2B8108}.Release|Windows-AnyCPU.ActiveCfg = Release|Any CPU
		{0C009858-78AF-4401-8962-A28ADD2B8108}.Release|Windows-AnyCPU.Build.0 = Release|Any CPU
		{0C009858-78AF-4401-8962-A28ADD2B8108}.Release|Windows-ARM.ActiveCfg = Release|Any CPU
		{0C009858-78AF-4401-8962-A28ADD2B8108}.Release|Windows-ARM.Build.0 = Release|Any CPU
		{0C009858-78AF-4401-8962-A28ADD2B8108}.Release|Windows-x64.ActiveCfg = Release|Any CPU
		{0C009858-78AF-4401-8962-A28ADD2B8108}.Release|Windows-x64.Build.0 = Release|Any CPU
		{0C009858-78AF-4401-8962-A28ADD2B8108}.Release|Windows-x86.ActiveCfg = Release|Any CPU
		{0C009858-78AF-4401-8962-A28ADD2B8108}.Release|Windows-x86.Build.0 = Release|Any CPU
		{726F25EC-1B23-44E1-8A98-C0648B7F090D}.Debug|Android.ActiveCfg = Debug|Any CPU
		{726F25EC-1B23-44E1-8A98-C0648B7F090D}.Debug|Android.Build.0 = Debug|Any CPU
		{726F25EC-1B23-44E1-8A98-C0648B7F090D}.Debug|Any CPU.ActiveCfg = Debug|Any CPU
		{726F25EC-1B23-44E1-8A98-C0648B7F090D}.Debug|Any CPU.Build.0 = Debug|Any CPU
		{726F25EC-1B23-44E1-8A98-C0648B7F090D}.Debug|iOS.ActiveCfg = Debug|Any CPU
		{726F25EC-1B23-44E1-8A98-C0648B7F090D}.Debug|iOS.Build.0 = Debug|Any CPU
		{726F25EC-1B23-44E1-8A98-C0648B7F090D}.Debug|Windows Phone (Universal).ActiveCfg = Debug|Any CPU
		{726F25EC-1B23-44E1-8A98-C0648B7F090D}.Debug|Windows Phone (Universal).Build.0 = Debug|Any CPU
		{726F25EC-1B23-44E1-8A98-C0648B7F090D}.Debug|Windows Phone 8.ActiveCfg = Debug|Any CPU
		{726F25EC-1B23-44E1-8A98-C0648B7F090D}.Debug|Windows Phone 8.Build.0 = Debug|Any CPU
		{726F25EC-1B23-44E1-8A98-C0648B7F090D}.Debug|Windows-AnyCPU.ActiveCfg = Debug|Any CPU
		{726F25EC-1B23-44E1-8A98-C0648B7F090D}.Debug|Windows-AnyCPU.Build.0 = Debug|Any CPU
		{726F25EC-1B23-44E1-8A98-C0648B7F090D}.Debug|Windows-ARM.ActiveCfg = Debug|Any CPU
		{726F25EC-1B23-44E1-8A98-C0648B7F090D}.Debug|Windows-ARM.Build.0 = Debug|Any CPU
		{726F25EC-1B23-44E1-8A98-C0648B7F090D}.Debug|Windows-x64.ActiveCfg = Debug|Any CPU
		{726F25EC-1B23-44E1-8A98-C0648B7F090D}.Debug|Windows-x64.Build.0 = Debug|Any CPU
		{726F25EC-1B23-44E1-8A98-C0648B7F090D}.Debug|Windows-x86.ActiveCfg = Debug|Any CPU
		{726F25EC-1B23-44E1-8A98-C0648B7F090D}.Debug|Windows-x86.Build.0 = Debug|Any CPU
		{726F25EC-1B23-44E1-8A98-C0648B7F090D}.Release|Android.ActiveCfg = Release|Any CPU
		{726F25EC-1B23-44E1-8A98-C0648B7F090D}.Release|Android.Build.0 = Release|Any CPU
		{726F25EC-1B23-44E1-8A98-C0648B7F090D}.Release|Any CPU.ActiveCfg = Release|Any CPU
		{726F25EC-1B23-44E1-8A98-C0648B7F090D}.Release|Any CPU.Build.0 = Release|Any CPU
		{726F25EC-1B23-44E1-8A98-C0648B7F090D}.Release|iOS.ActiveCfg = Release|Any CPU
		{726F25EC-1B23-44E1-8A98-C0648B7F090D}.Release|iOS.Build.0 = Release|Any CPU
		{726F25EC-1B23-44E1-8A98-C0648B7F090D}.Release|Windows Phone (Universal).ActiveCfg = Release|Any CPU
		{726F25EC-1B23-44E1-8A98-C0648B7F090D}.Release|Windows Phone (Universal).Build.0 = Release|Any CPU
		{726F25EC-1B23-44E1-8A98-C0648B7F090D}.Release|Windows Phone 8.ActiveCfg = Release|Any CPU
		{726F25EC-1B23-44E1-8A98-C0648B7F090D}.Release|Windows Phone 8.Build.0 = Release|Any CPU
		{726F25EC-1B23-44E1-8A98-C0648B7F090D}.Release|Windows-AnyCPU.ActiveCfg = Release|Any CPU
		{726F25EC-1B23-44E1-8A98-C0648B7F090D}.Release|Windows-AnyCPU.Build.0 = Release|Any CPU
		{726F25EC-1B23-44E1-8A98-C0648B7F090D}.Release|Windows-ARM.ActiveCfg = Release|Any CPU
		{726F25EC-1B23-44E1-8A98-C0648B7F090D}.Release|Windows-ARM.Build.0 = Release|Any CPU
		{726F25EC-1B23-44E1-8A98-C0648B7F090D}.Release|Windows-x64.ActiveCfg = Release|Any CPU
		{726F25EC-1B23-44E1-8A98-C0648B7F090D}.Release|Windows-x64.Build.0 = Release|Any CPU
		{726F25EC-1B23-44E1-8A98-C0648B7F090D}.Release|Windows-x86.ActiveCfg = Release|Any CPU
		{726F25EC-1B23-44E1-8A98-C0648B7F090D}.Release|Windows-x86.Build.0 = Release|Any CPU
		{CAEC0725-9B67-4766-ABB9-6A8643AD8CBB}.Debug|Android.ActiveCfg = Debug|Any CPU
		{CAEC0725-9B67-4766-ABB9-6A8643AD8CBB}.Debug|Android.Build.0 = Debug|Any CPU
		{CAEC0725-9B67-4766-ABB9-6A8643AD8CBB}.Debug|Any CPU.ActiveCfg = Debug|Any CPU
		{CAEC0725-9B67-4766-ABB9-6A8643AD8CBB}.Debug|Any CPU.Build.0 = Debug|Any CPU
		{CAEC0725-9B67-4766-ABB9-6A8643AD8CBB}.Debug|iOS.ActiveCfg = Debug|Any CPU
		{CAEC0725-9B67-4766-ABB9-6A8643AD8CBB}.Debug|iOS.Build.0 = Debug|Any CPU
		{CAEC0725-9B67-4766-ABB9-6A8643AD8CBB}.Debug|Windows Phone (Universal).ActiveCfg = Debug|Any CPU
		{CAEC0725-9B67-4766-ABB9-6A8643AD8CBB}.Debug|Windows Phone (Universal).Build.0 = Debug|Any CPU
		{CAEC0725-9B67-4766-ABB9-6A8643AD8CBB}.Debug|Windows Phone 8.ActiveCfg = Debug|Any CPU
		{CAEC0725-9B67-4766-ABB9-6A8643AD8CBB}.Debug|Windows Phone 8.Build.0 = Debug|Any CPU
		{CAEC0725-9B67-4766-ABB9-6A8643AD8CBB}.Debug|Windows-AnyCPU.ActiveCfg = Debug|Any CPU
		{CAEC0725-9B67-4766-ABB9-6A8643AD8CBB}.Debug|Windows-AnyCPU.Build.0 = Debug|Any CPU
		{CAEC0725-9B67-4766-ABB9-6A8643AD8CBB}.Debug|Windows-ARM.ActiveCfg = Debug|Any CPU
		{CAEC0725-9B67-4766-ABB9-6A8643AD8CBB}.Debug|Windows-ARM.Build.0 = Debug|Any CPU
		{CAEC0725-9B67-4766-ABB9-6A8643AD8CBB}.Debug|Windows-x64.ActiveCfg = Debug|Any CPU
		{CAEC0725-9B67-4766-ABB9-6A8643AD8CBB}.Debug|Windows-x64.Build.0 = Debug|Any CPU
		{CAEC0725-9B67-4766-ABB9-6A8643AD8CBB}.Debug|Windows-x86.ActiveCfg = Debug|Any CPU
		{CAEC0725-9B67-4766-ABB9-6A8643AD8CBB}.Debug|Windows-x86.Build.0 = Debug|Any CPU
		{CAEC0725-9B67-4766-ABB9-6A8643AD8CBB}.Release|Android.ActiveCfg = Release|Any CPU
		{CAEC0725-9B67-4766-ABB9-6A8643AD8CBB}.Release|Android.Build.0 = Release|Any CPU
		{CAEC0725-9B67-4766-ABB9-6A8643AD8CBB}.Release|Any CPU.ActiveCfg = Release|Any CPU
		{CAEC0725-9B67-4766-ABB9-6A8643AD8CBB}.Release|Any CPU.Build.0 = Release|Any CPU
		{CAEC0725-9B67-4766-ABB9-6A8643AD8CBB}.Release|iOS.ActiveCfg = Release|Any CPU
		{CAEC0725-9B67-4766-ABB9-6A8643AD8CBB}.Release|iOS.Build.0 = Release|Any CPU
		{CAEC0725-9B67-4766-ABB9-6A8643AD8CBB}.Release|Windows Phone (Universal).ActiveCfg = Release|Any CPU
		{CAEC0725-9B67-4766-ABB9-6A8643AD8CBB}.Release|Windows Phone (Universal).Build.0 = Release|Any CPU
		{CAEC0725-9B67-4766-ABB9-6A8643AD8CBB}.Release|Windows Phone 8.ActiveCfg = Release|Any CPU
		{CAEC0725-9B67-4766-ABB9-6A8643AD8CBB}.Release|Windows Phone 8.Build.0 = Release|Any CPU
		{CAEC0725-9B67-4766-ABB9-6A8643AD8CBB}.Release|Windows-AnyCPU.ActiveCfg = Release|Any CPU
		{CAEC0725-9B67-4766-ABB9-6A8643AD8CBB}.Release|Windows-AnyCPU.Build.0 = Release|Any CPU
		{CAEC0725-9B67-4766-ABB9-6A8643AD8CBB}.Release|Windows-ARM.ActiveCfg = Release|Any CPU
		{CAEC0725-9B67-4766-ABB9-6A8643AD8CBB}.Release|Windows-ARM.Build.0 = Release|Any CPU
		{CAEC0725-9B67-4766-ABB9-6A8643AD8CBB}.Release|Windows-x64.ActiveCfg = Release|Any CPU
		{CAEC0725-9B67-4766-ABB9-6A8643AD8CBB}.Release|Windows-x64.Build.0 = Release|Any CPU
		{CAEC0725-9B67-4766-ABB9-6A8643AD8CBB}.Release|Windows-x86.ActiveCfg = Release|Any CPU
		{CAEC0725-9B67-4766-ABB9-6A8643AD8CBB}.Release|Windows-x86.Build.0 = Release|Any CPU
		{927BD5FB-C33B-46F6-A395-7D954493F27B}.Debug|Android.ActiveCfg = Debug|Any CPU
		{927BD5FB-C33B-46F6-A395-7D954493F27B}.Debug|Android.Build.0 = Debug|Any CPU
		{927BD5FB-C33B-46F6-A395-7D954493F27B}.Debug|Any CPU.ActiveCfg = Debug|Any CPU
		{927BD5FB-C33B-46F6-A395-7D954493F27B}.Debug|Any CPU.Build.0 = Debug|Any CPU
		{927BD5FB-C33B-46F6-A395-7D954493F27B}.Debug|iOS.ActiveCfg = Debug|Any CPU
		{927BD5FB-C33B-46F6-A395-7D954493F27B}.Debug|iOS.Build.0 = Debug|Any CPU
		{927BD5FB-C33B-46F6-A395-7D954493F27B}.Debug|Windows Phone (Universal).ActiveCfg = Debug|Any CPU
		{927BD5FB-C33B-46F6-A395-7D954493F27B}.Debug|Windows Phone (Universal).Build.0 = Debug|Any CPU
		{927BD5FB-C33B-46F6-A395-7D954493F27B}.Debug|Windows Phone 8.ActiveCfg = Debug|Any CPU
		{927BD5FB-C33B-46F6-A395-7D954493F27B}.Debug|Windows Phone 8.Build.0 = Debug|Any CPU
		{927BD5FB-C33B-46F6-A395-7D954493F27B}.Debug|Windows-AnyCPU.ActiveCfg = Debug|Any CPU
		{927BD5FB-C33B-46F6-A395-7D954493F27B}.Debug|Windows-AnyCPU.Build.0 = Debug|Any CPU
		{927BD5FB-C33B-46F6-A395-7D954493F27B}.Debug|Windows-ARM.ActiveCfg = Debug|Any CPU
		{927BD5FB-C33B-46F6-A395-7D954493F27B}.Debug|Windows-ARM.Build.0 = Debug|Any CPU
		{927BD5FB-C33B-46F6-A395-7D954493F27B}.Debug|Windows-x64.ActiveCfg = Debug|Any CPU
		{927BD5FB-C33B-46F6-A395-7D954493F27B}.Debug|Windows-x64.Build.0 = Debug|Any CPU
		{927BD5FB-C33B-46F6-A395-7D954493F27B}.Debug|Windows-x86.ActiveCfg = Debug|Any CPU
		{927BD5FB-C33B-46F6-A395-7D954493F27B}.Debug|Windows-x86.Build.0 = Debug|Any CPU
		{927BD5FB-C33B-46F6-A395-7D954493F27B}.Release|Android.ActiveCfg = Release|Any CPU
		{927BD5FB-C33B-46F6-A395-7D954493F27B}.Release|Android.Build.0 = Release|Any CPU
		{927BD5FB-C33B-46F6-A395-7D954493F27B}.Release|Any CPU.ActiveCfg = Release|Any CPU
		{927BD5FB-C33B-46F6-A395-7D954493F27B}.Release|Any CPU.Build.0 = Release|Any CPU
		{927BD5FB-C33B-46F6-A395-7D954493F27B}.Release|iOS.ActiveCfg = Release|Any CPU
		{927BD5FB-C33B-46F6-A395-7D954493F27B}.Release|iOS.Build.0 = Release|Any CPU
		{927BD5FB-C33B-46F6-A395-7D954493F27B}.Release|Windows Phone (Universal).ActiveCfg = Release|Any CPU
		{927BD5FB-C33B-46F6-A395-7D954493F27B}.Release|Windows Phone (Universal).Build.0 = Release|Any CPU
		{927BD5FB-C33B-46F6-A395-7D954493F27B}.Release|Windows Phone 8.ActiveCfg = Release|Any CPU
		{927BD5FB-C33B-46F6-A395-7D954493F27B}.Release|Windows Phone 8.Build.0 = Release|Any CPU
		{927BD5FB-C33B-46F6-A395-7D954493F27B}.Release|Windows-AnyCPU.ActiveCfg = Release|Any CPU
		{927BD5FB-C33B-46F6-A395-7D954493F27B}.Release|Windows-AnyCPU.Build.0 = Release|Any CPU
		{927BD5FB-C33B-46F6-A395-7D954493F27B}.Release|Windows-ARM.ActiveCfg = Release|Any CPU
		{927BD5FB-C33B-46F6-A395-7D954493F27B}.Release|Windows-ARM.Build.0 = Release|Any CPU
		{927BD5FB-C33B-46F6-A395-7D954493F27B}.Release|Windows-x64.ActiveCfg = Release|Any CPU
		{927BD5FB-C33B-46F6-A395-7D954493F27B}.Release|Windows-x64.Build.0 = Release|Any CPU
		{927BD5FB-C33B-46F6-A395-7D954493F27B}.Release|Windows-x86.ActiveCfg = Release|Any CPU
		{927BD5FB-C33B-46F6-A395-7D954493F27B}.Release|Windows-x86.Build.0 = Release|Any CPU
	EndGlobalSection
	GlobalSection(SolutionProperties) = preSolution
		HideSolutionNode = FALSE
	EndGlobalSection
	GlobalSection(NestedProjects) = preSolution
		{47FA4385-E080-4EDE-9323-9BA6131BECFB} = {42C9DB95-55B6-4A2F-9CFE-8240CA5983C4}
	EndGlobalSection
EndGlobal
